
Microsoft Visual Studio Solution File, Format Version 12.00
# Visual Studio Version 17
VisualStudioVersion = 17.3.32825.248
MinimumVisualStudioVersion = 10.0.40219.1
Project("{FAE04EC0-301F-11D3-BF4B-00C04F79EFBC}") = "Homework_31", "Homework_31\Homework_31.csproj", "{F87FAD6C-CE5A-4179-847A-F3E562370CBE}"
EndProject
Global
	GlobalSection(SolutionConfigurationPlatforms) = preSolution
		Debug|Any CPU = Debug|Any CPU
		Release|Any CPU = Release|Any CPU
	EndGlobalSection
	GlobalSection(ProjectConfigurationPlatforms) = postSolution
		{F87FAD6C-CE5A-4179-847A-F3E562370CBE}.Debug|Any CPU.ActiveCfg = Debug|Any CPU
		{F87FAD6C-CE5A-4179-847A-F3E562370CBE}.Debug|Any CPU.Build.0 = Debug|Any CPU
		{F87FAD6C-CE5A-4179-847A-F3E562370CBE}.Release|Any CPU.ActiveCfg = Release|Any CPU
		{F87FAD6C-CE5A-4179-847A-F3E562370CBE}.Release|Any CPU.Build.0 = Release|Any CPU
	EndGlobalSection
	GlobalSection(SolutionProperties) = preSolution
		HideSolutionNode = FALSE
	EndGlobalSection
	GlobalSection(ExtensibilityGlobals) = postSolution
		SolutionGuid = {CC8BE783-8E97-48BE-A602-501835029352}
	EndGlobalSection
EndGlobal
